
Microsoft Visual Studio Solution File, Format Version 12.00
# Visual Studio Version 16
VisualStudioVersion = 16.0.30717.126
MinimumVisualStudioVersion = 10.0.40219.1
Project("{FAE04EC0-301F-11D3-BF4B-00C04F79EFBC}") = "ShoppingStore", "ShoppingStore\ShoppingStore.csproj", "{F6A9DCB0-D03F-4C7F-8BFF-F0C568A37969}"
EndProject
Global
	GlobalSection(SolutionConfigurationPlatforms) = preSolution
		Debug|Any CPU = Debug|Any CPU
		Release|Any CPU = Release|Any CPU
	EndGlobalSection
	GlobalSection(ProjectConfigurationPlatforms) = postSolution
		{F6A9DCB0-D03F-4C7F-8BFF-F0C568A37969}.Debug|Any CPU.ActiveCfg = Debug|Any CPU
		{F6A9DCB0-D03F-4C7F-8BFF-F0C568A37969}.Debug|Any CPU.Build.0 = Debug|Any CPU
		{F6A9DCB0-D03F-4C7F-8BFF-F0C568A37969}.Release|Any CPU.ActiveCfg = Release|Any CPU
		{F6A9DCB0-D03F-4C7F-8BFF-F0C568A37969}.Release|Any CPU.Build.0 = Release|Any CPU
	EndGlobalSection
	GlobalSection(SolutionProperties) = preSolution
		HideSolutionNode = FALSE
	EndGlobalSection
	GlobalSection(ExtensibilityGlobals) = postSolution
		SolutionGuid = {C3289CDF-4691-4AC6-8C49-A75CE8875967}
	EndGlobalSection
EndGlobal
